
Microsoft Visual Studio Solution File, Format Version 12.00
# Visual Studio Version 16
VisualStudioVersion = 16.0.30907.101
MinimumVisualStudioVersion = 15.0.26124.0
Project("{2150E333-8FDC-42A3-9474-1A3956D46DE8}") = "src", "src", "{DE7FF204-9F79-4D99-A985-A1B9E6EA350F}"
EndProject
Project("{2150E333-8FDC-42A3-9474-1A3956D46DE8}") = "1 - básico", "1 - básico", "{F4A05C71-254B-4D2A-9EE0-E9C7B1BFF86A}"
EndProject
Project("{2150E333-8FDC-42A3-9474-1A3956D46DE8}") = "2 - intermediário", "2 - intermediário", "{90EC12A2-7717-4E76-99CE-AF997541D940}"
EndProject
Project("{2150E333-8FDC-42A3-9474-1A3956D46DE8}") = "3 - avançado", "3 - avançado", "{2E7550ED-BAA0-4D08-9C41-7EB4DF6C1727}"
EndProject
Project("{9A19103F-16F7-4668-BE54-9A1E7A4F7556}") = "Pilha.ConsoleApp", "src\2 - intermediário\Pilha.ConsoleApp\Pilha.ConsoleApp.csproj", "{B1A1CD32-6EBE-4CC5-8E59-36D3AEC6096D}"
EndProject
Project("{FAE04EC0-301F-11D3-BF4B-00C04F79EFBC}") = "TipoDeDados.ConsoleApp", "src\1 - básico\TipoDeDados.ConsoleApp\TipoDeDados.ConsoleApp.csproj", "{9756A541-BDF0-4B96-8BB5-FBC130605DFB}"
EndProject
Global
	GlobalSection(SolutionConfigurationPlatforms) = preSolution
		Debug|Any CPU = Debug|Any CPU
		Debug|x64 = Debug|x64
		Debug|x86 = Debug|x86
		Release|Any CPU = Release|Any CPU
		Release|x64 = Release|x64
		Release|x86 = Release|x86
	EndGlobalSection
	GlobalSection(ProjectConfigurationPlatforms) = postSolution
		{B1A1CD32-6EBE-4CC5-8E59-36D3AEC6096D}.Debug|Any CPU.ActiveCfg = Debug|Any CPU
		{B1A1CD32-6EBE-4CC5-8E59-36D3AEC6096D}.Debug|Any CPU.Build.0 = Debug|Any CPU
		{B1A1CD32-6EBE-4CC5-8E59-36D3AEC6096D}.Debug|x64.ActiveCfg = Debug|Any CPU
		{B1A1CD32-6EBE-4CC5-8E59-36D3AEC6096D}.Debug|x64.Build.0 = Debug|Any CPU
		{B1A1CD32-6EBE-4CC5-8E59-36D3AEC6096D}.Debug|x86.ActiveCfg = Debug|Any CPU
		{B1A1CD32-6EBE-4CC5-8E59-36D3AEC6096D}.Debug|x86.Build.0 = Debug|Any CPU
		{B1A1CD32-6EBE-4CC5-8E59-36D3AEC6096D}.Release|Any CPU.ActiveCfg = Release|Any CPU
		{B1A1CD32-6EBE-4CC5-8E59-36D3AEC6096D}.Release|Any CPU.Build.0 = Release|Any CPU
		{B1A1CD32-6EBE-4CC5-8E59-36D3AEC6096D}.Release|x64.ActiveCfg = Release|Any CPU
		{B1A1CD32-6EBE-4CC5-8E59-36D3AEC6096D}.Release|x64.Build.0 = Release|Any CPU
		{B1A1CD32-6EBE-4CC5-8E59-36D3AEC6096D}.Release|x86.ActiveCfg = Release|Any CPU
		{B1A1CD32-6EBE-4CC5-8E59-36D3AEC6096D}.Release|x86.Build.0 = Release|Any CPU
		{9756A541-BDF0-4B96-8BB5-FBC130605DFB}.Debug|Any CPU.ActiveCfg = Debug|Any CPU
		{9756A541-BDF0-4B96-8BB5-FBC130605DFB}.Debug|Any CPU.Build.0 = Debug|Any CPU
		{9756A541-BDF0-4B96-8BB5-FBC130605DFB}.Debug|x64.ActiveCfg = Debug|Any CPU
		{9756A541-BDF0-4B96-8BB5-FBC130605DFB}.Debug|x64.Build.0 = Debug|Any CPU
		{9756A541-BDF0-4B96-8BB5-FBC130605DFB}.Debug|x86.ActiveCfg = Debug|Any CPU
		{9756A541-BDF0-4B96-8BB5-FBC130605DFB}.Debug|x86.Build.0 = Debug|Any CPU
		{9756A541-BDF0-4B96-8BB5-FBC130605DFB}.Release|Any CPU.ActiveCfg = Release|Any CPU
		{9756A541-BDF0-4B96-8BB5-FBC130605DFB}.Release|Any CPU.Build.0 = Release|Any CPU
		{9756A541-BDF0-4B96-8BB5-FBC130605DFB}.Release|x64.ActiveCfg = Release|Any CPU
		{9756A541-BDF0-4B96-8BB5-FBC130605DFB}.Release|x64.Build.0 = Release|Any CPU
		{9756A541-BDF0-4B96-8BB5-FBC130605DFB}.Release|x86.ActiveCfg = Release|Any CPU
		{9756A541-BDF0-4B96-8BB5-FBC130605DFB}.Release|x86.Build.0 = Release|Any CPU
	EndGlobalSection
	GlobalSection(SolutionProperties) = preSolution
		HideSolutionNode = FALSE
	EndGlobalSection
	GlobalSection(NestedProjects) = preSolution
		{F4A05C71-254B-4D2A-9EE0-E9C7B1BFF86A} = {DE7FF204-9F79-4D99-A985-A1B9E6EA350F}
		{90EC12A2-7717-4E76-99CE-AF997541D940} = {DE7FF204-9F79-4D99-A985-A1B9E6EA350F}
		{2E7550ED-BAA0-4D08-9C41-7EB4DF6C1727} = {DE7FF204-9F79-4D99-A985-A1B9E6EA350F}
		{B1A1CD32-6EBE-4CC5-8E59-36D3AEC6096D} = {90EC12A2-7717-4E76-99CE-AF997541D940}
		{9756A541-BDF0-4B96-8BB5-FBC130605DFB} = {F4A05C71-254B-4D2A-9EE0-E9C7B1BFF86A}
	EndGlobalSection
	GlobalSection(ExtensibilityGlobals) = postSolution
		SolutionGuid = {FB3B8BB8-E7A7-4E7A-9CEB-B81CF994F3D8}
	EndGlobalSection
EndGlobal
