
Microsoft Visual Studio Solution File, Format Version 12.00
# Visual Studio Version 16
VisualStudioVersion = 16.6.30114.105
MinimumVisualStudioVersion = 10.0.40219.1
Project("{2150E333-8FDC-42A3-9474-1A3956D46DE8}") = "src", "src", "{110D6835-80C5-43DD-A8B1-3BBEB4E53D6F}"
EndProject
Project("{2150E333-8FDC-42A3-9474-1A3956D46DE8}") = "1 - Lógica de Programação", "1 - Lógica de Programação", "{1112BC79-491E-4B28-AB0A-4A3AC52165FD}"
EndProject
Project("{2150E333-8FDC-42A3-9474-1A3956D46DE8}") = "Desafios", "Desafios", "{5C46B321-24FA-4964-A7DF-1FD4A4D2F538}"
EndProject
Project("{9A19103F-16F7-4668-BE54-9A1E7A4F7556}") = "Desafio01", "src\1 - Lógica de Programação\Desafios\Desafio01\Desafio01.csproj", "{DBC0AD92-DF48-46B2-BC8A-85FB9AAA8C30}"
EndProject
Project("{9A19103F-16F7-4668-BE54-9A1E7A4F7556}") = "Desafio02", "src\1 - Lógica de Programação\Desafios\Desafio02\Desafio02.csproj", "{DAEAC695-0828-43EA-81BE-00DE82A66C78}"
EndProject
Project("{9A19103F-16F7-4668-BE54-9A1E7A4F7556}") = "Desafio03", "src\1 - Lógica de Programação\Desafios\Desafio03\Desafio03.csproj", "{10751BA0-C689-4B49-9DF1-734BB5A8BB53}"
EndProject
Project("{9A19103F-16F7-4668-BE54-9A1E7A4F7556}") = "Desafio04", "src\1 - Lógica de Programação\Desafios\Desafio04\Desafio04.csproj", "{7ED9D234-AFE9-4003-99D8-D563B5891612}"
EndProject
Project("{9A19103F-16F7-4668-BE54-9A1E7A4F7556}") = "Desafio05", "src\1 - Lógica de Programação\Desafios\Desafio05\Desafio05.csproj", "{15B4CE7D-2C87-4E00-98E8-9EDDD6AF593A}"
EndProject
Project("{9A19103F-16F7-4668-BE54-9A1E7A4F7556}") = "Desafio06", "src\1 - Lógica de Programação\Desafios\Desafio06\Desafio06.csproj", "{7FCDBD69-1535-4020-9108-AB27C6DD81C7}"
EndProject
Project("{9A19103F-16F7-4668-BE54-9A1E7A4F7556}") = "Desafio07", "src\1 - Lógica de Programação\Desafios\Desafio07\Desafio07.csproj", "{9D078746-4116-4443-B494-91EBD6CB2A5B}"
EndProject
Project("{9A19103F-16F7-4668-BE54-9A1E7A4F7556}") = "Desafio08", "src\1 - Lógica de Programação\Desafios\Desafio08\Desafio08.csproj", "{DE52813C-9385-48C1-ADFC-A73D1158CBD1}"
EndProject
Project("{9A19103F-16F7-4668-BE54-9A1E7A4F7556}") = "Desafio09", "src\1 - Lógica de Programação\Desafios\Desafio09\Desafio09.csproj", "{2D8FB86C-808A-453B-93CA-8B9915F3C293}"
EndProject
Project("{9A19103F-16F7-4668-BE54-9A1E7A4F7556}") = "Desafio10", "src\1 - Lógica de Programação\Desafios\Desafio10\Desafio10.csproj", "{6FA11C99-4BC3-4FC0-85EB-F64857676C01}"
EndProject
Project("{2150E333-8FDC-42A3-9474-1A3956D46DE8}") = "2 - POO", "2 - POO", "{954E75F5-C697-422E-8597-FA64D7139B98}"
EndProject
Project("{2150E333-8FDC-42A3-9474-1A3956D46DE8}") = "1 - Classes, Atributos e Métodos", "1 - Classes, Atributos e Métodos", "{B562C784-D349-423A-BE01-99A59C1DBDFC}"
EndProject
Project("{9A19103F-16F7-4668-BE54-9A1E7A4F7556}") = "ClassesAtributosMetodos", "src\2 - POO\1 - Classes, Atributos e Métodos\ClassesAtributosMetodos\ClassesAtributosMetodos.csproj", "{B1CFA5D5-DA7D-4290-8732-CD2C20152CCA}"
EndProject
Project("{2150E333-8FDC-42A3-9474-1A3956D46DE8}") = "2 - Construtores e Sobrecarga", "2 - Construtores e Sobrecarga", "{EDCBE9EE-FD13-46BB-8550-528D7BDAE3D7}"
EndProject
Project("{9A19103F-16F7-4668-BE54-9A1E7A4F7556}") = "ConstrutoresSobrecarga", "src\2 - POO\2 - Construtores e Sobrecarga\ConstrutoresSobrecarga\ConstrutoresSobrecarga.csproj", "{554604B7-ACE1-4570-9A48-F304660D6FE3}"
EndProject
Project("{2150E333-8FDC-42A3-9474-1A3956D46DE8}") = "3 - Encapsulamento", "3 - Encapsulamento", "{52F8658E-4489-42E2-87BC-E9A1EE634746}"
EndProject
Project("{9A19103F-16F7-4668-BE54-9A1E7A4F7556}") = "Encapsulamento", "src\2 - POO\3 - Encapsulamento\Encapsulamento\Encapsulamento.csproj", "{DEF40539-5861-4EB4-964F-15AE95800E3D}"
EndProject
Project("{9A19103F-16F7-4668-BE54-9A1E7A4F7556}") = "SaidaDeDados", "src\1 - Lógica de Programação\SaidaDeDados\SaidaDeDados.csproj", "{3C5B05B8-B0D5-48BE-B690-545931EFD31C}"
EndProject
Project("{9A19103F-16F7-4668-BE54-9A1E7A4F7556}") = "OperadoresAtribuicao", "src\1 - Lógica de Programação\OperadoresAtribuicao\OperadoresAtribuicao.csproj", "{EA6BDB03-B8A7-4374-B03B-C1D84C1744E9}"
EndProject
Project("{9A19103F-16F7-4668-BE54-9A1E7A4F7556}") = "Casting", "src\1 - Lógica de Programação\Casting\Casting.csproj", "{F6243156-4146-490D-837E-2AFC4530BBA2}"
EndProject
Project("{9A19103F-16F7-4668-BE54-9A1E7A4F7556}") = "OperadoresAritmeticos", "src\1 - Lógica de Programação\OperadoresAritmeticos\OperadoresAritmeticos.csproj", "{FFE88FE0-E8FA-4542-809A-0F99C7BC32A8}"
EndProject
Project("{9A19103F-16F7-4668-BE54-9A1E7A4F7556}") = "EntradaDeDados", "src\1 - Lógica de Programação\EntradaDeDados\EntradaDeDados.csproj", "{C982C867-39B0-4212-B36A-17E4291B473C}"
EndProject
Project("{9A19103F-16F7-4668-BE54-9A1E7A4F7556}") = "OperadoresComparativosLogicos", "src\1 - Lógica de Programação\OperadoresComparativosLogicos\OperadoresComparativosLogicos.csproj", "{0E7049A6-7CE7-4940-936D-9FA03F64A437}"
EndProject
Project("{9A19103F-16F7-4668-BE54-9A1E7A4F7556}") = "EstruturaCondicional", "src\1 - Lógica de Programação\EstruturaCondicional\EstruturaCondicional.csproj", "{7C61C85B-3C90-4AAF-9A5C-77CE693BCDB9}"
EndProject
Project("{9A19103F-16F7-4668-BE54-9A1E7A4F7556}") = "Funcoes", "src\1 - Lógica de Programação\Funcoes\Funcoes.csproj", "{A516E9CA-EB6A-44DA-BEE1-19BE8F82B743}"
EndProject
Project("{9A19103F-16F7-4668-BE54-9A1E7A4F7556}") = "EstruturaRepeticao", "src\1 - Lógica de Programação\EstruturaRepeticao\EstruturaRepeticao.csproj", "{854F43F9-E764-451A-8EA0-8F75CB30A69C}"
EndProject
Global
	GlobalSection(SolutionConfigurationPlatforms) = preSolution
		Debug|Any CPU = Debug|Any CPU
		Debug|x64 = Debug|x64
		Debug|x86 = Debug|x86
		Release|Any CPU = Release|Any CPU
		Release|x64 = Release|x64
		Release|x86 = Release|x86
	EndGlobalSection
	GlobalSection(ProjectConfigurationPlatforms) = postSolution
		{DBC0AD92-DF48-46B2-BC8A-85FB9AAA8C30}.Debug|Any CPU.ActiveCfg = Debug|Any CPU
		{DBC0AD92-DF48-46B2-BC8A-85FB9AAA8C30}.Debug|Any CPU.Build.0 = Debug|Any CPU
		{DBC0AD92-DF48-46B2-BC8A-85FB9AAA8C30}.Debug|x64.ActiveCfg = Debug|Any CPU
		{DBC0AD92-DF48-46B2-BC8A-85FB9AAA8C30}.Debug|x64.Build.0 = Debug|Any CPU
		{DBC0AD92-DF48-46B2-BC8A-85FB9AAA8C30}.Debug|x86.ActiveCfg = Debug|Any CPU
		{DBC0AD92-DF48-46B2-BC8A-85FB9AAA8C30}.Debug|x86.Build.0 = Debug|Any CPU
		{DBC0AD92-DF48-46B2-BC8A-85FB9AAA8C30}.Release|Any CPU.ActiveCfg = Release|Any CPU
		{DBC0AD92-DF48-46B2-BC8A-85FB9AAA8C30}.Release|Any CPU.Build.0 = Release|Any CPU
		{DBC0AD92-DF48-46B2-BC8A-85FB9AAA8C30}.Release|x64.ActiveCfg = Release|Any CPU
		{DBC0AD92-DF48-46B2-BC8A-85FB9AAA8C30}.Release|x64.Build.0 = Release|Any CPU
		{DBC0AD92-DF48-46B2-BC8A-85FB9AAA8C30}.Release|x86.ActiveCfg = Release|Any CPU
		{DBC0AD92-DF48-46B2-BC8A-85FB9AAA8C30}.Release|x86.Build.0 = Release|Any CPU
		{DAEAC695-0828-43EA-81BE-00DE82A66C78}.Debug|Any CPU.ActiveCfg = Debug|Any CPU
		{DAEAC695-0828-43EA-81BE-00DE82A66C78}.Debug|Any CPU.Build.0 = Debug|Any CPU
		{DAEAC695-0828-43EA-81BE-00DE82A66C78}.Debug|x64.ActiveCfg = Debug|Any CPU
		{DAEAC695-0828-43EA-81BE-00DE82A66C78}.Debug|x64.Build.0 = Debug|Any CPU
		{DAEAC695-0828-43EA-81BE-00DE82A66C78}.Debug|x86.ActiveCfg = Debug|Any CPU
		{DAEAC695-0828-43EA-81BE-00DE82A66C78}.Debug|x86.Build.0 = Debug|Any CPU
		{DAEAC695-0828-43EA-81BE-00DE82A66C78}.Release|Any CPU.ActiveCfg = Release|Any CPU
		{DAEAC695-0828-43EA-81BE-00DE82A66C78}.Release|Any CPU.Build.0 = Release|Any CPU
		{DAEAC695-0828-43EA-81BE-00DE82A66C78}.Release|x64.ActiveCfg = Release|Any CPU
		{DAEAC695-0828-43EA-81BE-00DE82A66C78}.Release|x64.Build.0 = Release|Any CPU
		{DAEAC695-0828-43EA-81BE-00DE82A66C78}.Release|x86.ActiveCfg = Release|Any CPU
		{DAEAC695-0828-43EA-81BE-00DE82A66C78}.Release|x86.Build.0 = Release|Any CPU
		{10751BA0-C689-4B49-9DF1-734BB5A8BB53}.Debug|Any CPU.ActiveCfg = Debug|Any CPU
		{10751BA0-C689-4B49-9DF1-734BB5A8BB53}.Debug|Any CPU.Build.0 = Debug|Any CPU
		{10751BA0-C689-4B49-9DF1-734BB5A8BB53}.Debug|x64.ActiveCfg = Debug|Any CPU
		{10751BA0-C689-4B49-9DF1-734BB5A8BB53}.Debug|x64.Build.0 = Debug|Any CPU
		{10751BA0-C689-4B49-9DF1-734BB5A8BB53}.Debug|x86.ActiveCfg = Debug|Any CPU
		{10751BA0-C689-4B49-9DF1-734BB5A8BB53}.Debug|x86.Build.0 = Debug|Any CPU
		{10751BA0-C689-4B49-9DF1-734BB5A8BB53}.Release|Any CPU.ActiveCfg = Release|Any CPU
		{10751BA0-C689-4B49-9DF1-734BB5A8BB53}.Release|Any CPU.Build.0 = Release|Any CPU
		{10751BA0-C689-4B49-9DF1-734BB5A8BB53}.Release|x64.ActiveCfg = Release|Any CPU
		{10751BA0-C689-4B49-9DF1-734BB5A8BB53}.Release|x64.Build.0 = Release|Any CPU
		{10751BA0-C689-4B49-9DF1-734BB5A8BB53}.Release|x86.ActiveCfg = Release|Any CPU
		{10751BA0-C689-4B49-9DF1-734BB5A8BB53}.Release|x86.Build.0 = Release|Any CPU
		{7ED9D234-AFE9-4003-99D8-D563B5891612}.Debug|Any CPU.ActiveCfg = Debug|Any CPU
		{7ED9D234-AFE9-4003-99D8-D563B5891612}.Debug|Any CPU.Build.0 = Debug|Any CPU
		{7ED9D234-AFE9-4003-99D8-D563B5891612}.Debug|x64.ActiveCfg = Debug|Any CPU
		{7ED9D234-AFE9-4003-99D8-D563B5891612}.Debug|x64.Build.0 = Debug|Any CPU
		{7ED9D234-AFE9-4003-99D8-D563B5891612}.Debug|x86.ActiveCfg = Debug|Any CPU
		{7ED9D234-AFE9-4003-99D8-D563B5891612}.Debug|x86.Build.0 = Debug|Any CPU
		{7ED9D234-AFE9-4003-99D8-D563B5891612}.Release|Any CPU.ActiveCfg = Release|Any CPU
		{7ED9D234-AFE9-4003-99D8-D563B5891612}.Release|Any CPU.Build.0 = Release|Any CPU
		{7ED9D234-AFE9-4003-99D8-D563B5891612}.Release|x64.ActiveCfg = Release|Any CPU
		{7ED9D234-AFE9-4003-99D8-D563B5891612}.Release|x64.Build.0 = Release|Any CPU
		{7ED9D234-AFE9-4003-99D8-D563B5891612}.Release|x86.ActiveCfg = Release|Any CPU
		{7ED9D234-AFE9-4003-99D8-D563B5891612}.Release|x86.Build.0 = Release|Any CPU
		{15B4CE7D-2C87-4E00-98E8-9EDDD6AF593A}.Debug|Any CPU.ActiveCfg = Debug|Any CPU
		{15B4CE7D-2C87-4E00-98E8-9EDDD6AF593A}.Debug|Any CPU.Build.0 = Debug|Any CPU
		{15B4CE7D-2C87-4E00-98E8-9EDDD6AF593A}.Debug|x64.ActiveCfg = Debug|Any CPU
		{15B4CE7D-2C87-4E00-98E8-9EDDD6AF593A}.Debug|x64.Build.0 = Debug|Any CPU
		{15B4CE7D-2C87-4E00-98E8-9EDDD6AF593A}.Debug|x86.ActiveCfg = Debug|Any CPU
		{15B4CE7D-2C87-4E00-98E8-9EDDD6AF593A}.Debug|x86.Build.0 = Debug|Any CPU
		{15B4CE7D-2C87-4E00-98E8-9EDDD6AF593A}.Release|Any CPU.ActiveCfg = Release|Any CPU
		{15B4CE7D-2C87-4E00-98E8-9EDDD6AF593A}.Release|Any CPU.Build.0 = Release|Any CPU
		{15B4CE7D-2C87-4E00-98E8-9EDDD6AF593A}.Release|x64.ActiveCfg = Release|Any CPU
		{15B4CE7D-2C87-4E00-98E8-9EDDD6AF593A}.Release|x64.Build.0 = Release|Any CPU
		{15B4CE7D-2C87-4E00-98E8-9EDDD6AF593A}.Release|x86.ActiveCfg = Release|Any CPU
		{15B4CE7D-2C87-4E00-98E8-9EDDD6AF593A}.Release|x86.Build.0 = Release|Any CPU
		{7FCDBD69-1535-4020-9108-AB27C6DD81C7}.Debug|Any CPU.ActiveCfg = Debug|Any CPU
		{7FCDBD69-1535-4020-9108-AB27C6DD81C7}.Debug|Any CPU.Build.0 = Debug|Any CPU
		{7FCDBD69-1535-4020-9108-AB27C6DD81C7}.Debug|x64.ActiveCfg = Debug|Any CPU
		{7FCDBD69-1535-4020-9108-AB27C6DD81C7}.Debug|x64.Build.0 = Debug|Any CPU
		{7FCDBD69-1535-4020-9108-AB27C6DD81C7}.Debug|x86.ActiveCfg = Debug|Any CPU
		{7FCDBD69-1535-4020-9108-AB27C6DD81C7}.Debug|x86.Build.0 = Debug|Any CPU
		{7FCDBD69-1535-4020-9108-AB27C6DD81C7}.Release|Any CPU.ActiveCfg = Release|Any CPU
		{7FCDBD69-1535-4020-9108-AB27C6DD81C7}.Release|Any CPU.Build.0 = Release|Any CPU
		{7FCDBD69-1535-4020-9108-AB27C6DD81C7}.Release|x64.ActiveCfg = Release|Any CPU
		{7FCDBD69-1535-4020-9108-AB27C6DD81C7}.Release|x64.Build.0 = Release|Any CPU
		{7FCDBD69-1535-4020-9108-AB27C6DD81C7}.Release|x86.ActiveCfg = Release|Any CPU
		{7FCDBD69-1535-4020-9108-AB27C6DD81C7}.Release|x86.Build.0 = Release|Any CPU
		{9D078746-4116-4443-B494-91EBD6CB2A5B}.Debug|Any CPU.ActiveCfg = Debug|Any CPU
		{9D078746-4116-4443-B494-91EBD6CB2A5B}.Debug|Any CPU.Build.0 = Debug|Any CPU
		{9D078746-4116-4443-B494-91EBD6CB2A5B}.Debug|x64.ActiveCfg = Debug|Any CPU
		{9D078746-4116-4443-B494-91EBD6CB2A5B}.Debug|x64.Build.0 = Debug|Any CPU
		{9D078746-4116-4443-B494-91EBD6CB2A5B}.Debug|x86.ActiveCfg = Debug|Any CPU
		{9D078746-4116-4443-B494-91EBD6CB2A5B}.Debug|x86.Build.0 = Debug|Any CPU
		{9D078746-4116-4443-B494-91EBD6CB2A5B}.Release|Any CPU.ActiveCfg = Release|Any CPU
		{9D078746-4116-4443-B494-91EBD6CB2A5B}.Release|Any CPU.Build.0 = Release|Any CPU
		{9D078746-4116-4443-B494-91EBD6CB2A5B}.Release|x64.ActiveCfg = Release|Any CPU
		{9D078746-4116-4443-B494-91EBD6CB2A5B}.Release|x64.Build.0 = Release|Any CPU
		{9D078746-4116-4443-B494-91EBD6CB2A5B}.Release|x86.ActiveCfg = Release|Any CPU
		{9D078746-4116-4443-B494-91EBD6CB2A5B}.Release|x86.Build.0 = Release|Any CPU
		{DE52813C-9385-48C1-ADFC-A73D1158CBD1}.Debug|Any CPU.ActiveCfg = Debug|Any CPU
		{DE52813C-9385-48C1-ADFC-A73D1158CBD1}.Debug|Any CPU.Build.0 = Debug|Any CPU
		{DE52813C-9385-48C1-ADFC-A73D1158CBD1}.Debug|x64.ActiveCfg = Debug|Any CPU
		{DE52813C-9385-48C1-ADFC-A73D1158CBD1}.Debug|x64.Build.0 = Debug|Any CPU
		{DE52813C-9385-48C1-ADFC-A73D1158CBD1}.Debug|x86.ActiveCfg = Debug|Any CPU
		{DE52813C-9385-48C1-ADFC-A73D1158CBD1}.Debug|x86.Build.0 = Debug|Any CPU
		{DE52813C-9385-48C1-ADFC-A73D1158CBD1}.Release|Any CPU.ActiveCfg = Release|Any CPU
		{DE52813C-9385-48C1-ADFC-A73D1158CBD1}.Release|Any CPU.Build.0 = Release|Any CPU
		{DE52813C-9385-48C1-ADFC-A73D1158CBD1}.Release|x64.ActiveCfg = Release|Any CPU
		{DE52813C-9385-48C1-ADFC-A73D1158CBD1}.Release|x64.Build.0 = Release|Any CPU
		{DE52813C-9385-48C1-ADFC-A73D1158CBD1}.Release|x86.ActiveCfg = Release|Any CPU
		{DE52813C-9385-48C1-ADFC-A73D1158CBD1}.Release|x86.Build.0 = Release|Any CPU
		{2D8FB86C-808A-453B-93CA-8B9915F3C293}.Debug|Any CPU.ActiveCfg = Debug|Any CPU
		{2D8FB86C-808A-453B-93CA-8B9915F3C293}.Debug|Any CPU.Build.0 = Debug|Any CPU
		{2D8FB86C-808A-453B-93CA-8B9915F3C293}.Debug|x64.ActiveCfg = Debug|Any CPU
		{2D8FB86C-808A-453B-93CA-8B9915F3C293}.Debug|x64.Build.0 = Debug|Any CPU
		{2D8FB86C-808A-453B-93CA-8B9915F3C293}.Debug|x86.ActiveCfg = Debug|Any CPU
		{2D8FB86C-808A-453B-93CA-8B9915F3C293}.Debug|x86.Build.0 = Debug|Any CPU
		{2D8FB86C-808A-453B-93CA-8B9915F3C293}.Release|Any CPU.ActiveCfg = Release|Any CPU
		{2D8FB86C-808A-453B-93CA-8B9915F3C293}.Release|Any CPU.Build.0 = Release|Any CPU
		{2D8FB86C-808A-453B-93CA-8B9915F3C293}.Release|x64.ActiveCfg = Release|Any CPU
		{2D8FB86C-808A-453B-93CA-8B9915F3C293}.Release|x64.Build.0 = Release|Any CPU
		{2D8FB86C-808A-453B-93CA-8B9915F3C293}.Release|x86.ActiveCfg = Release|Any CPU
		{2D8FB86C-808A-453B-93CA-8B9915F3C293}.Release|x86.Build.0 = Release|Any CPU
		{6FA11C99-4BC3-4FC0-85EB-F64857676C01}.Debug|Any CPU.ActiveCfg = Debug|Any CPU
		{6FA11C99-4BC3-4FC0-85EB-F64857676C01}.Debug|Any CPU.Build.0 = Debug|Any CPU
		{6FA11C99-4BC3-4FC0-85EB-F64857676C01}.Debug|x64.ActiveCfg = Debug|Any CPU
		{6FA11C99-4BC3-4FC0-85EB-F64857676C01}.Debug|x64.Build.0 = Debug|Any CPU
		{6FA11C99-4BC3-4FC0-85EB-F64857676C01}.Debug|x86.ActiveCfg = Debug|Any CPU
		{6FA11C99-4BC3-4FC0-85EB-F64857676C01}.Debug|x86.Build.0 = Debug|Any CPU
		{6FA11C99-4BC3-4FC0-85EB-F64857676C01}.Release|Any CPU.ActiveCfg = Release|Any CPU
		{6FA11C99-4BC3-4FC0-85EB-F64857676C01}.Release|Any CPU.Build.0 = Release|Any CPU
		{6FA11C99-4BC3-4FC0-85EB-F64857676C01}.Release|x64.ActiveCfg = Release|Any CPU
		{6FA11C99-4BC3-4FC0-85EB-F64857676C01}.Release|x64.Build.0 = Release|Any CPU
		{6FA11C99-4BC3-4FC0-85EB-F64857676C01}.Release|x86.ActiveCfg = Release|Any CPU
		{6FA11C99-4BC3-4FC0-85EB-F64857676C01}.Release|x86.Build.0 = Release|Any CPU
		{B1CFA5D5-DA7D-4290-8732-CD2C20152CCA}.Debug|Any CPU.ActiveCfg = Debug|Any CPU
		{B1CFA5D5-DA7D-4290-8732-CD2C20152CCA}.Debug|Any CPU.Build.0 = Debug|Any CPU
		{B1CFA5D5-DA7D-4290-8732-CD2C20152CCA}.Debug|x64.ActiveCfg = Debug|Any CPU
		{B1CFA5D5-DA7D-4290-8732-CD2C20152CCA}.Debug|x64.Build.0 = Debug|Any CPU
		{B1CFA5D5-DA7D-4290-8732-CD2C20152CCA}.Debug|x86.ActiveCfg = Debug|Any CPU
		{B1CFA5D5-DA7D-4290-8732-CD2C20152CCA}.Debug|x86.Build.0 = Debug|Any CPU
		{B1CFA5D5-DA7D-4290-8732-CD2C20152CCA}.Release|Any CPU.ActiveCfg = Release|Any CPU
		{B1CFA5D5-DA7D-4290-8732-CD2C20152CCA}.Release|Any CPU.Build.0 = Release|Any CPU
		{B1CFA5D5-DA7D-4290-8732-CD2C20152CCA}.Release|x64.ActiveCfg = Release|Any CPU
		{B1CFA5D5-DA7D-4290-8732-CD2C20152CCA}.Release|x64.Build.0 = Release|Any CPU
		{B1CFA5D5-DA7D-4290-8732-CD2C20152CCA}.Release|x86.ActiveCfg = Release|Any CPU
		{B1CFA5D5-DA7D-4290-8732-CD2C20152CCA}.Release|x86.Build.0 = Release|Any CPU
		{554604B7-ACE1-4570-9A48-F304660D6FE3}.Debug|Any CPU.ActiveCfg = Debug|Any CPU
		{554604B7-ACE1-4570-9A48-F304660D6FE3}.Debug|Any CPU.Build.0 = Debug|Any CPU
		{554604B7-ACE1-4570-9A48-F304660D6FE3}.Debug|x64.ActiveCfg = Debug|Any CPU
		{554604B7-ACE1-4570-9A48-F304660D6FE3}.Debug|x64.Build.0 = Debug|Any CPU
		{554604B7-ACE1-4570-9A48-F304660D6FE3}.Debug|x86.ActiveCfg = Debug|Any CPU
		{554604B7-ACE1-4570-9A48-F304660D6FE3}.Debug|x86.Build.0 = Debug|Any CPU
		{554604B7-ACE1-4570-9A48-F304660D6FE3}.Release|Any CPU.ActiveCfg = Release|Any CPU
		{554604B7-ACE1-4570-9A48-F304660D6FE3}.Release|Any CPU.Build.0 = Release|Any CPU
		{554604B7-ACE1-4570-9A48-F304660D6FE3}.Release|x64.ActiveCfg = Release|Any CPU
		{554604B7-ACE1-4570-9A48-F304660D6FE3}.Release|x64.Build.0 = Release|Any CPU
		{554604B7-ACE1-4570-9A48-F304660D6FE3}.Release|x86.ActiveCfg = Release|Any CPU
		{554604B7-ACE1-4570-9A48-F304660D6FE3}.Release|x86.Build.0 = Release|Any CPU
		{DEF40539-5861-4EB4-964F-15AE95800E3D}.Debug|Any CPU.ActiveCfg = Debug|Any CPU
		{DEF40539-5861-4EB4-964F-15AE95800E3D}.Debug|Any CPU.Build.0 = Debug|Any CPU
		{DEF40539-5861-4EB4-964F-15AE95800E3D}.Debug|x64.ActiveCfg = Debug|Any CPU
		{DEF40539-5861-4EB4-964F-15AE95800E3D}.Debug|x64.Build.0 = Debug|Any CPU
		{DEF40539-5861-4EB4-964F-15AE95800E3D}.Debug|x86.ActiveCfg = Debug|Any CPU
		{DEF40539-5861-4EB4-964F-15AE95800E3D}.Debug|x86.Build.0 = Debug|Any CPU
		{DEF40539-5861-4EB4-964F-15AE95800E3D}.Release|Any CPU.ActiveCfg = Release|Any CPU
		{DEF40539-5861-4EB4-964F-15AE95800E3D}.Release|Any CPU.Build.0 = Release|Any CPU
		{DEF40539-5861-4EB4-964F-15AE95800E3D}.Release|x64.ActiveCfg = Release|Any CPU
		{DEF40539-5861-4EB4-964F-15AE95800E3D}.Release|x64.Build.0 = Release|Any CPU
		{DEF40539-5861-4EB4-964F-15AE95800E3D}.Release|x86.ActiveCfg = Release|Any CPU
		{DEF40539-5861-4EB4-964F-15AE95800E3D}.Release|x86.Build.0 = Release|Any CPU
		{3C5B05B8-B0D5-48BE-B690-545931EFD31C}.Debug|Any CPU.ActiveCfg = Debug|Any CPU
		{3C5B05B8-B0D5-48BE-B690-545931EFD31C}.Debug|Any CPU.Build.0 = Debug|Any CPU
		{3C5B05B8-B0D5-48BE-B690-545931EFD31C}.Debug|x64.ActiveCfg = Debug|Any CPU
		{3C5B05B8-B0D5-48BE-B690-545931EFD31C}.Debug|x64.Build.0 = Debug|Any CPU
		{3C5B05B8-B0D5-48BE-B690-545931EFD31C}.Debug|x86.ActiveCfg = Debug|Any CPU
		{3C5B05B8-B0D5-48BE-B690-545931EFD31C}.Debug|x86.Build.0 = Debug|Any CPU
		{3C5B05B8-B0D5-48BE-B690-545931EFD31C}.Release|Any CPU.ActiveCfg = Release|Any CPU
		{3C5B05B8-B0D5-48BE-B690-545931EFD31C}.Release|Any CPU.Build.0 = Release|Any CPU
		{3C5B05B8-B0D5-48BE-B690-545931EFD31C}.Release|x64.ActiveCfg = Release|Any CPU
		{3C5B05B8-B0D5-48BE-B690-545931EFD31C}.Release|x64.Build.0 = Release|Any CPU
		{3C5B05B8-B0D5-48BE-B690-545931EFD31C}.Release|x86.ActiveCfg = Release|Any CPU
		{3C5B05B8-B0D5-48BE-B690-545931EFD31C}.Release|x86.Build.0 = Release|Any CPU
		{EA6BDB03-B8A7-4374-B03B-C1D84C1744E9}.Debug|Any CPU.ActiveCfg = Debug|Any CPU
		{EA6BDB03-B8A7-4374-B03B-C1D84C1744E9}.Debug|Any CPU.Build.0 = Debug|Any CPU
		{EA6BDB03-B8A7-4374-B03B-C1D84C1744E9}.Debug|x64.ActiveCfg = Debug|Any CPU
		{EA6BDB03-B8A7-4374-B03B-C1D84C1744E9}.Debug|x64.Build.0 = Debug|Any CPU
		{EA6BDB03-B8A7-4374-B03B-C1D84C1744E9}.Debug|x86.ActiveCfg = Debug|Any CPU
		{EA6BDB03-B8A7-4374-B03B-C1D84C1744E9}.Debug|x86.Build.0 = Debug|Any CPU
		{EA6BDB03-B8A7-4374-B03B-C1D84C1744E9}.Release|Any CPU.ActiveCfg = Release|Any CPU
		{EA6BDB03-B8A7-4374-B03B-C1D84C1744E9}.Release|Any CPU.Build.0 = Release|Any CPU
		{EA6BDB03-B8A7-4374-B03B-C1D84C1744E9}.Release|x64.ActiveCfg = Release|Any CPU
		{EA6BDB03-B8A7-4374-B03B-C1D84C1744E9}.Release|x64.Build.0 = Release|Any CPU
		{EA6BDB03-B8A7-4374-B03B-C1D84C1744E9}.Release|x86.ActiveCfg = Release|Any CPU
		{EA6BDB03-B8A7-4374-B03B-C1D84C1744E9}.Release|x86.Build.0 = Release|Any CPU
		{F6243156-4146-490D-837E-2AFC4530BBA2}.Debug|Any CPU.ActiveCfg = Debug|Any CPU
		{F6243156-4146-490D-837E-2AFC4530BBA2}.Debug|Any CPU.Build.0 = Debug|Any CPU
		{F6243156-4146-490D-837E-2AFC4530BBA2}.Debug|x64.ActiveCfg = Debug|Any CPU
		{F6243156-4146-490D-837E-2AFC4530BBA2}.Debug|x64.Build.0 = Debug|Any CPU
		{F6243156-4146-490D-837E-2AFC4530BBA2}.Debug|x86.ActiveCfg = Debug|Any CPU
		{F6243156-4146-490D-837E-2AFC4530BBA2}.Debug|x86.Build.0 = Debug|Any CPU
		{F6243156-4146-490D-837E-2AFC4530BBA2}.Release|Any CPU.ActiveCfg = Release|Any CPU
		{F6243156-4146-490D-837E-2AFC4530BBA2}.Release|Any CPU.Build.0 = Release|Any CPU
		{F6243156-4146-490D-837E-2AFC4530BBA2}.Release|x64.ActiveCfg = Release|Any CPU
		{F6243156-4146-490D-837E-2AFC4530BBA2}.Release|x64.Build.0 = Release|Any CPU
		{F6243156-4146-490D-837E-2AFC4530BBA2}.Release|x86.ActiveCfg = Release|Any CPU
		{F6243156-4146-490D-837E-2AFC4530BBA2}.Release|x86.Build.0 = Release|Any CPU
		{FFE88FE0-E8FA-4542-809A-0F99C7BC32A8}.Debug|Any CPU.ActiveCfg = Debug|Any CPU
		{FFE88FE0-E8FA-4542-809A-0F99C7BC32A8}.Debug|Any CPU.Build.0 = Debug|Any CPU
		{FFE88FE0-E8FA-4542-809A-0F99C7BC32A8}.Debug|x64.ActiveCfg = Debug|Any CPU
		{FFE88FE0-E8FA-4542-809A-0F99C7BC32A8}.Debug|x64.Build.0 = Debug|Any CPU
		{FFE88FE0-E8FA-4542-809A-0F99C7BC32A8}.Debug|x86.ActiveCfg = Debug|Any CPU
		{FFE88FE0-E8FA-4542-809A-0F99C7BC32A8}.Debug|x86.Build.0 = Debug|Any CPU
		{FFE88FE0-E8FA-4542-809A-0F99C7BC32A8}.Release|Any CPU.ActiveCfg = Release|Any CPU
		{FFE88FE0-E8FA-4542-809A-0F99C7BC32A8}.Release|Any CPU.Build.0 = Release|Any CPU
		{FFE88FE0-E8FA-4542-809A-0F99C7BC32A8}.Release|x64.ActiveCfg = Release|Any CPU
		{FFE88FE0-E8FA-4542-809A-0F99C7BC32A8}.Release|x64.Build.0 = Release|Any CPU
		{FFE88FE0-E8FA-4542-809A-0F99C7BC32A8}.Release|x86.ActiveCfg = Release|Any CPU
		{FFE88FE0-E8FA-4542-809A-0F99C7BC32A8}.Release|x86.Build.0 = Release|Any CPU
		{C982C867-39B0-4212-B36A-17E4291B473C}.Debug|Any CPU.ActiveCfg = Debug|Any CPU
		{C982C867-39B0-4212-B36A-17E4291B473C}.Debug|Any CPU.Build.0 = Debug|Any CPU
		{C982C867-39B0-4212-B36A-17E4291B473C}.Debug|x64.ActiveCfg = Debug|Any CPU
		{C982C867-39B0-4212-B36A-17E4291B473C}.Debug|x64.Build.0 = Debug|Any CPU
		{C982C867-39B0-4212-B36A-17E4291B473C}.Debug|x86.ActiveCfg = Debug|Any CPU
		{C982C867-39B0-4212-B36A-17E4291B473C}.Debug|x86.Build.0 = Debug|Any CPU
		{C982C867-39B0-4212-B36A-17E4291B473C}.Release|Any CPU.ActiveCfg = Release|Any CPU
		{C982C867-39B0-4212-B36A-17E4291B473C}.Release|Any CPU.Build.0 = Release|Any CPU
		{C982C867-39B0-4212-B36A-17E4291B473C}.Release|x64.ActiveCfg = Release|Any CPU
		{C982C867-39B0-4212-B36A-17E4291B473C}.Release|x64.Build.0 = Release|Any CPU
		{C982C867-39B0-4212-B36A-17E4291B473C}.Release|x86.ActiveCfg = Release|Any CPU
		{C982C867-39B0-4212-B36A-17E4291B473C}.Release|x86.Build.0 = Release|Any CPU
		{0E7049A6-7CE7-4940-936D-9FA03F64A437}.Debug|Any CPU.ActiveCfg = Debug|Any CPU
		{0E7049A6-7CE7-4940-936D-9FA03F64A437}.Debug|Any CPU.Build.0 = Debug|Any CPU
		{0E7049A6-7CE7-4940-936D-9FA03F64A437}.Debug|x64.ActiveCfg = Debug|Any CPU
		{0E7049A6-7CE7-4940-936D-9FA03F64A437}.Debug|x64.Build.0 = Debug|Any CPU
		{0E7049A6-7CE7-4940-936D-9FA03F64A437}.Debug|x86.ActiveCfg = Debug|Any CPU
		{0E7049A6-7CE7-4940-936D-9FA03F64A437}.Debug|x86.Build.0 = Debug|Any CPU
		{0E7049A6-7CE7-4940-936D-9FA03F64A437}.Release|Any CPU.ActiveCfg = Release|Any CPU
		{0E7049A6-7CE7-4940-936D-9FA03F64A437}.Release|Any CPU.Build.0 = Release|Any CPU
		{0E7049A6-7CE7-4940-936D-9FA03F64A437}.Release|x64.ActiveCfg = Release|Any CPU
		{0E7049A6-7CE7-4940-936D-9FA03F64A437}.Release|x64.Build.0 = Release|Any CPU
		{0E7049A6-7CE7-4940-936D-9FA03F64A437}.Release|x86.ActiveCfg = Release|Any CPU
		{0E7049A6-7CE7-4940-936D-9FA03F64A437}.Release|x86.Build.0 = Release|Any CPU
		{7C61C85B-3C90-4AAF-9A5C-77CE693BCDB9}.Debug|Any CPU.ActiveCfg = Debug|Any CPU
		{7C61C85B-3C90-4AAF-9A5C-77CE693BCDB9}.Debug|Any CPU.Build.0 = Debug|Any CPU
		{7C61C85B-3C90-4AAF-9A5C-77CE693BCDB9}.Debug|x64.ActiveCfg = Debug|Any CPU
		{7C61C85B-3C90-4AAF-9A5C-77CE693BCDB9}.Debug|x64.Build.0 = Debug|Any CPU
		{7C61C85B-3C90-4AAF-9A5C-77CE693BCDB9}.Debug|x86.ActiveCfg = Debug|Any CPU
		{7C61C85B-3C90-4AAF-9A5C-77CE693BCDB9}.Debug|x86.Build.0 = Debug|Any CPU
		{7C61C85B-3C90-4AAF-9A5C-77CE693BCDB9}.Release|Any CPU.ActiveCfg = Release|Any CPU
		{7C61C85B-3C90-4AAF-9A5C-77CE693BCDB9}.Release|Any CPU.Build.0 = Release|Any CPU
		{7C61C85B-3C90-4AAF-9A5C-77CE693BCDB9}.Release|x64.ActiveCfg = Release|Any CPU
		{7C61C85B-3C90-4AAF-9A5C-77CE693BCDB9}.Release|x64.Build.0 = Release|Any CPU
		{7C61C85B-3C90-4AAF-9A5C-77CE693BCDB9}.Release|x86.ActiveCfg = Release|Any CPU
		{7C61C85B-3C90-4AAF-9A5C-77CE693BCDB9}.Release|x86.Build.0 = Release|Any CPU
		{A516E9CA-EB6A-44DA-BEE1-19BE8F82B743}.Debug|Any CPU.ActiveCfg = Debug|Any CPU
		{A516E9CA-EB6A-44DA-BEE1-19BE8F82B743}.Debug|Any CPU.Build.0 = Debug|Any CPU
		{A516E9CA-EB6A-44DA-BEE1-19BE8F82B743}.Debug|x64.ActiveCfg = Debug|Any CPU
		{A516E9CA-EB6A-44DA-BEE1-19BE8F82B743}.Debug|x64.Build.0 = Debug|Any CPU
		{A516E9CA-EB6A-44DA-BEE1-19BE8F82B743}.Debug|x86.ActiveCfg = Debug|Any CPU
		{A516E9CA-EB6A-44DA-BEE1-19BE8F82B743}.Debug|x86.Build.0 = Debug|Any CPU
		{A516E9CA-EB6A-44DA-BEE1-19BE8F82B743}.Release|Any CPU.ActiveCfg = Release|Any CPU
		{A516E9CA-EB6A-44DA-BEE1-19BE8F82B743}.Release|Any CPU.Build.0 = Release|Any CPU
		{A516E9CA-EB6A-44DA-BEE1-19BE8F82B743}.Release|x64.ActiveCfg = Release|Any CPU
		{A516E9CA-EB6A-44DA-BEE1-19BE8F82B743}.Release|x64.Build.0 = Release|Any CPU
		{A516E9CA-EB6A-44DA-BEE1-19BE8F82B743}.Release|x86.ActiveCfg = Release|Any CPU
		{A516E9CA-EB6A-44DA-BEE1-19BE8F82B743}.Release|x86.Build.0 = Release|Any CPU
		{854F43F9-E764-451A-8EA0-8F75CB30A69C}.Debug|Any CPU.ActiveCfg = Debug|Any CPU
		{854F43F9-E764-451A-8EA0-8F75CB30A69C}.Debug|Any CPU.Build.0 = Debug|Any CPU
		{854F43F9-E764-451A-8EA0-8F75CB30A69C}.Debug|x64.ActiveCfg = Debug|Any CPU
		{854F43F9-E764-451A-8EA0-8F75CB30A69C}.Debug|x64.Build.0 = Debug|Any CPU
		{854F43F9-E764-451A-8EA0-8F75CB30A69C}.Debug|x86.ActiveCfg = Debug|Any CPU
		{854F43F9-E764-451A-8EA0-8F75CB30A69C}.Debug|x86.Build.0 = Debug|Any CPU
		{854F43F9-E764-451A-8EA0-8F75CB30A69C}.Release|Any CPU.ActiveCfg = Release|Any CPU
		{854F43F9-E764-451A-8EA0-8F75CB30A69C}.Release|Any CPU.Build.0 = Release|Any CPU
		{854F43F9-E764-451A-8EA0-8F75CB30A69C}.Release|x64.ActiveCfg = Release|Any CPU
		{854F43F9-E764-451A-8EA0-8F75CB30A69C}.Release|x64.Build.0 = Release|Any CPU
		{854F43F9-E764-451A-8EA0-8F75CB30A69C}.Release|x86.ActiveCfg = Release|Any CPU
		{854F43F9-E764-451A-8EA0-8F75CB30A69C}.Release|x86.Build.0 = Release|Any CPU
	EndGlobalSection
	GlobalSection(SolutionProperties) = preSolution
		HideSolutionNode = FALSE
	EndGlobalSection
	GlobalSection(NestedProjects) = preSolution
		{1112BC79-491E-4B28-AB0A-4A3AC52165FD} = {110D6835-80C5-43DD-A8B1-3BBEB4E53D6F}
		{5C46B321-24FA-4964-A7DF-1FD4A4D2F538} = {1112BC79-491E-4B28-AB0A-4A3AC52165FD}
		{DBC0AD92-DF48-46B2-BC8A-85FB9AAA8C30} = {5C46B321-24FA-4964-A7DF-1FD4A4D2F538}
		{DAEAC695-0828-43EA-81BE-00DE82A66C78} = {5C46B321-24FA-4964-A7DF-1FD4A4D2F538}
		{10751BA0-C689-4B49-9DF1-734BB5A8BB53} = {5C46B321-24FA-4964-A7DF-1FD4A4D2F538}
		{7ED9D234-AFE9-4003-99D8-D563B5891612} = {5C46B321-24FA-4964-A7DF-1FD4A4D2F538}
		{15B4CE7D-2C87-4E00-98E8-9EDDD6AF593A} = {5C46B321-24FA-4964-A7DF-1FD4A4D2F538}
		{7FCDBD69-1535-4020-9108-AB27C6DD81C7} = {5C46B321-24FA-4964-A7DF-1FD4A4D2F538}
		{9D078746-4116-4443-B494-91EBD6CB2A5B} = {5C46B321-24FA-4964-A7DF-1FD4A4D2F538}
		{DE52813C-9385-48C1-ADFC-A73D1158CBD1} = {5C46B321-24FA-4964-A7DF-1FD4A4D2F538}
		{2D8FB86C-808A-453B-93CA-8B9915F3C293} = {5C46B321-24FA-4964-A7DF-1FD4A4D2F538}
		{6FA11C99-4BC3-4FC0-85EB-F64857676C01} = {5C46B321-24FA-4964-A7DF-1FD4A4D2F538}
		{954E75F5-C697-422E-8597-FA64D7139B98} = {110D6835-80C5-43DD-A8B1-3BBEB4E53D6F}
		{B562C784-D349-423A-BE01-99A59C1DBDFC} = {954E75F5-C697-422E-8597-FA64D7139B98}
		{B1CFA5D5-DA7D-4290-8732-CD2C20152CCA} = {B562C784-D349-423A-BE01-99A59C1DBDFC}
		{EDCBE9EE-FD13-46BB-8550-528D7BDAE3D7} = {954E75F5-C697-422E-8597-FA64D7139B98}
		{554604B7-ACE1-4570-9A48-F304660D6FE3} = {EDCBE9EE-FD13-46BB-8550-528D7BDAE3D7}
		{52F8658E-4489-42E2-87BC-E9A1EE634746} = {954E75F5-C697-422E-8597-FA64D7139B98}
		{DEF40539-5861-4EB4-964F-15AE95800E3D} = {52F8658E-4489-42E2-87BC-E9A1EE634746}
		{3C5B05B8-B0D5-48BE-B690-545931EFD31C} = {1112BC79-491E-4B28-AB0A-4A3AC52165FD}
		{EA6BDB03-B8A7-4374-B03B-C1D84C1744E9} = {1112BC79-491E-4B28-AB0A-4A3AC52165FD}
		{F6243156-4146-490D-837E-2AFC4530BBA2} = {1112BC79-491E-4B28-AB0A-4A3AC52165FD}
		{FFE88FE0-E8FA-4542-809A-0F99C7BC32A8} = {1112BC79-491E-4B28-AB0A-4A3AC52165FD}
		{C982C867-39B0-4212-B36A-17E4291B473C} = {1112BC79-491E-4B28-AB0A-4A3AC52165FD}
		{0E7049A6-7CE7-4940-936D-9FA03F64A437} = {1112BC79-491E-4B28-AB0A-4A3AC52165FD}
		{7C61C85B-3C90-4AAF-9A5C-77CE693BCDB9} = {1112BC79-491E-4B28-AB0A-4A3AC52165FD}
		{A516E9CA-EB6A-44DA-BEE1-19BE8F82B743} = {1112BC79-491E-4B28-AB0A-4A3AC52165FD}
		{854F43F9-E764-451A-8EA0-8F75CB30A69C} = {1112BC79-491E-4B28-AB0A-4A3AC52165FD}
	EndGlobalSection
	GlobalSection(ExtensibilityGlobals) = postSolution
		SolutionGuid = {53A13454-AD42-4D1C-8368-4155B4538832}
	EndGlobalSection
EndGlobal
