
Microsoft Visual Studio Solution File, Format Version 12.00
# Visual Studio Version 16
VisualStudioVersion = 16.6.30114.105
MinimumVisualStudioVersion = 10.0.40219.1
Project("{2150E333-8FDC-42A3-9474-1A3956D46DE8}") = "src", "src", "{110D6835-80C5-43DD-A8B1-3BBEB4E53D6F}"
EndProject
Project("{2150E333-8FDC-42A3-9474-1A3956D46DE8}") = "1 - Lógica de Programação", "1 - Lógica de Programação", "{1112BC79-491E-4B28-AB0A-4A3AC52165FD}"
EndProject
Project("{2150E333-8FDC-42A3-9474-1A3956D46DE8}") = "1 - Saída de Dados", "1 - Saída de Dados", "{5B092BB2-E708-4C17-AB7C-0B6B8D157144}"
EndProject
Project("{9A19103F-16F7-4668-BE54-9A1E7A4F7556}") = "SaidaDeDados", "src\1 - Lógica de Programação\1 - Saída de Dados\SaidaDeDados\SaidaDeDados.csproj", "{71B122BD-DADC-4179-8D34-7C4BEEEED850}"
EndProject
Project("{2150E333-8FDC-42A3-9474-1A3956D46DE8}") = "2 - Operadores de Atribuição", "2 - Operadores de Atribuição", "{E46A4717-1680-4162-BC65-8D201B893411}"
EndProject
Project("{9A19103F-16F7-4668-BE54-9A1E7A4F7556}") = "OperadoresAtribuicao", "src\1 - Lógica de Programação\2 - Operadores de Atribuição\OperadoresAtribuicao\OperadoresAtribuicao.csproj", "{5FEE4B59-C66A-40E8-916C-10C4851D9478}"
EndProject
Project("{2150E333-8FDC-42A3-9474-1A3956D46DE8}") = "3 - Casting", "3 - Casting", "{827DC4E5-675D-48D5-A59E-69FB41BA8728}"
EndProject
Project("{9A19103F-16F7-4668-BE54-9A1E7A4F7556}") = "Casting", "src\1 - Lógica de Programação\3 - Casting\Casting\Casting.csproj", "{8E9CD5E9-9DCA-4501-AF0C-04863CF506EE}"
EndProject
Project("{2150E333-8FDC-42A3-9474-1A3956D46DE8}") = "4 - Operadores Aritméticos", "4 - Operadores Aritméticos", "{F3B8592C-0DB4-43EC-864A-9DC02CF6F69F}"
EndProject
Project("{9A19103F-16F7-4668-BE54-9A1E7A4F7556}") = "OperadoresAritmeticos", "src\1 - Lógica de Programação\4 - Operadores Aritméticos\OperadoresAritmeticos\OperadoresAritmeticos.csproj", "{C1DDD8AF-E4C2-46DA-A72A-8E51BDF82868}"
EndProject
Project("{2150E333-8FDC-42A3-9474-1A3956D46DE8}") = "5 - Entrada de Dados", "5 - Entrada de Dados", "{62AC629A-8C54-43B8-9B67-0D3684A2A25E}"
EndProject
Project("{9A19103F-16F7-4668-BE54-9A1E7A4F7556}") = "EntradaDeDados", "src\1 - Lógica de Programação\5 - Entrada de Dados\EntradaDeDados\EntradaDeDados.csproj", "{F2CF862F-1064-4C45-950C-9CA8DD95FD8C}"
EndProject
Project("{2150E333-8FDC-42A3-9474-1A3956D46DE8}") = "6 - Operadores Comparativos e Lógicos", "6 - Operadores Comparativos e Lógicos", "{9F9F25FB-602C-4AA4-8640-C82ECACFBFB4}"
EndProject
Project("{9A19103F-16F7-4668-BE54-9A1E7A4F7556}") = "OperadoresComparativosLogicos", "src\1 - Lógica de Programação\6 - Operadores Comparativos e Lógicos\OperadoresComparativosLogicos\OperadoresComparativosLogicos.csproj", "{13F6932B-AE61-4DFC-B316-28B67D0B9FE5}"
EndProject
Project("{2150E333-8FDC-42A3-9474-1A3956D46DE8}") = "7 - Estrutura Condicional", "7 - Estrutura Condicional", "{DAA621A9-4670-4097-9FA3-97E072CE2060}"
EndProject
Project("{FAE04EC0-301F-11D3-BF4B-00C04F79EFBC}") = "EstruturaCondicional", "src\1 - Lógica de Programação\7 - Estrutura Condicional\EstruturaCondicional\EstruturaCondicional.csproj", "{3ED8718F-5E27-4D2F-86A8-DE9A773E0C0D}"
EndProject
Project("{2150E333-8FDC-42A3-9474-1A3956D46DE8}") = "8 - Funções", "8 - Funções", "{7857947E-14C1-4749-80F2-E65256C45143}"
EndProject
Project("{FAE04EC0-301F-11D3-BF4B-00C04F79EFBC}") = "Funcoes", "src\1 - Lógica de Programação\8 - Funções\Funcoes\Funcoes.csproj", "{708B0DFD-A091-4935-9456-F698725436A0}"
EndProject
Global
	GlobalSection(SolutionConfigurationPlatforms) = preSolution
		Debug|Any CPU = Debug|Any CPU
		Debug|x64 = Debug|x64
		Debug|x86 = Debug|x86
		Release|Any CPU = Release|Any CPU
		Release|x64 = Release|x64
		Release|x86 = Release|x86
	EndGlobalSection
	GlobalSection(ProjectConfigurationPlatforms) = postSolution
		{71B122BD-DADC-4179-8D34-7C4BEEEED850}.Debug|Any CPU.ActiveCfg = Debug|Any CPU
		{71B122BD-DADC-4179-8D34-7C4BEEEED850}.Debug|Any CPU.Build.0 = Debug|Any CPU
		{71B122BD-DADC-4179-8D34-7C4BEEEED850}.Debug|x64.ActiveCfg = Debug|Any CPU
		{71B122BD-DADC-4179-8D34-7C4BEEEED850}.Debug|x64.Build.0 = Debug|Any CPU
		{71B122BD-DADC-4179-8D34-7C4BEEEED850}.Debug|x86.ActiveCfg = Debug|Any CPU
		{71B122BD-DADC-4179-8D34-7C4BEEEED850}.Debug|x86.Build.0 = Debug|Any CPU
		{71B122BD-DADC-4179-8D34-7C4BEEEED850}.Release|Any CPU.ActiveCfg = Release|Any CPU
		{71B122BD-DADC-4179-8D34-7C4BEEEED850}.Release|Any CPU.Build.0 = Release|Any CPU
		{71B122BD-DADC-4179-8D34-7C4BEEEED850}.Release|x64.ActiveCfg = Release|Any CPU
		{71B122BD-DADC-4179-8D34-7C4BEEEED850}.Release|x64.Build.0 = Release|Any CPU
		{71B122BD-DADC-4179-8D34-7C4BEEEED850}.Release|x86.ActiveCfg = Release|Any CPU
		{71B122BD-DADC-4179-8D34-7C4BEEEED850}.Release|x86.Build.0 = Release|Any CPU
		{5FEE4B59-C66A-40E8-916C-10C4851D9478}.Debug|Any CPU.ActiveCfg = Debug|Any CPU
		{5FEE4B59-C66A-40E8-916C-10C4851D9478}.Debug|Any CPU.Build.0 = Debug|Any CPU
		{5FEE4B59-C66A-40E8-916C-10C4851D9478}.Debug|x64.ActiveCfg = Debug|Any CPU
		{5FEE4B59-C66A-40E8-916C-10C4851D9478}.Debug|x64.Build.0 = Debug|Any CPU
		{5FEE4B59-C66A-40E8-916C-10C4851D9478}.Debug|x86.ActiveCfg = Debug|Any CPU
		{5FEE4B59-C66A-40E8-916C-10C4851D9478}.Debug|x86.Build.0 = Debug|Any CPU
		{5FEE4B59-C66A-40E8-916C-10C4851D9478}.Release|Any CPU.ActiveCfg = Release|Any CPU
		{5FEE4B59-C66A-40E8-916C-10C4851D9478}.Release|Any CPU.Build.0 = Release|Any CPU
		{5FEE4B59-C66A-40E8-916C-10C4851D9478}.Release|x64.ActiveCfg = Release|Any CPU
		{5FEE4B59-C66A-40E8-916C-10C4851D9478}.Release|x64.Build.0 = Release|Any CPU
		{5FEE4B59-C66A-40E8-916C-10C4851D9478}.Release|x86.ActiveCfg = Release|Any CPU
		{5FEE4B59-C66A-40E8-916C-10C4851D9478}.Release|x86.Build.0 = Release|Any CPU
		{8E9CD5E9-9DCA-4501-AF0C-04863CF506EE}.Debug|Any CPU.ActiveCfg = Debug|Any CPU
		{8E9CD5E9-9DCA-4501-AF0C-04863CF506EE}.Debug|Any CPU.Build.0 = Debug|Any CPU
		{8E9CD5E9-9DCA-4501-AF0C-04863CF506EE}.Debug|x64.ActiveCfg = Debug|Any CPU
		{8E9CD5E9-9DCA-4501-AF0C-04863CF506EE}.Debug|x64.Build.0 = Debug|Any CPU
		{8E9CD5E9-9DCA-4501-AF0C-04863CF506EE}.Debug|x86.ActiveCfg = Debug|Any CPU
		{8E9CD5E9-9DCA-4501-AF0C-04863CF506EE}.Debug|x86.Build.0 = Debug|Any CPU
		{8E9CD5E9-9DCA-4501-AF0C-04863CF506EE}.Release|Any CPU.ActiveCfg = Release|Any CPU
		{8E9CD5E9-9DCA-4501-AF0C-04863CF506EE}.Release|Any CPU.Build.0 = Release|Any CPU
		{8E9CD5E9-9DCA-4501-AF0C-04863CF506EE}.Release|x64.ActiveCfg = Release|Any CPU
		{8E9CD5E9-9DCA-4501-AF0C-04863CF506EE}.Release|x64.Build.0 = Release|Any CPU
		{8E9CD5E9-9DCA-4501-AF0C-04863CF506EE}.Release|x86.ActiveCfg = Release|Any CPU
		{8E9CD5E9-9DCA-4501-AF0C-04863CF506EE}.Release|x86.Build.0 = Release|Any CPU
		{C1DDD8AF-E4C2-46DA-A72A-8E51BDF82868}.Debug|Any CPU.ActiveCfg = Debug|Any CPU
		{C1DDD8AF-E4C2-46DA-A72A-8E51BDF82868}.Debug|Any CPU.Build.0 = Debug|Any CPU
		{C1DDD8AF-E4C2-46DA-A72A-8E51BDF82868}.Debug|x64.ActiveCfg = Debug|Any CPU
		{C1DDD8AF-E4C2-46DA-A72A-8E51BDF82868}.Debug|x64.Build.0 = Debug|Any CPU
		{C1DDD8AF-E4C2-46DA-A72A-8E51BDF82868}.Debug|x86.ActiveCfg = Debug|Any CPU
		{C1DDD8AF-E4C2-46DA-A72A-8E51BDF82868}.Debug|x86.Build.0 = Debug|Any CPU
		{C1DDD8AF-E4C2-46DA-A72A-8E51BDF82868}.Release|Any CPU.ActiveCfg = Release|Any CPU
		{C1DDD8AF-E4C2-46DA-A72A-8E51BDF82868}.Release|Any CPU.Build.0 = Release|Any CPU
		{C1DDD8AF-E4C2-46DA-A72A-8E51BDF82868}.Release|x64.ActiveCfg = Release|Any CPU
		{C1DDD8AF-E4C2-46DA-A72A-8E51BDF82868}.Release|x64.Build.0 = Release|Any CPU
		{C1DDD8AF-E4C2-46DA-A72A-8E51BDF82868}.Release|x86.ActiveCfg = Release|Any CPU
		{C1DDD8AF-E4C2-46DA-A72A-8E51BDF82868}.Release|x86.Build.0 = Release|Any CPU
		{F2CF862F-1064-4C45-950C-9CA8DD95FD8C}.Debug|Any CPU.ActiveCfg = Debug|Any CPU
		{F2CF862F-1064-4C45-950C-9CA8DD95FD8C}.Debug|Any CPU.Build.0 = Debug|Any CPU
		{F2CF862F-1064-4C45-950C-9CA8DD95FD8C}.Debug|x64.ActiveCfg = Debug|Any CPU
		{F2CF862F-1064-4C45-950C-9CA8DD95FD8C}.Debug|x64.Build.0 = Debug|Any CPU
		{F2CF862F-1064-4C45-950C-9CA8DD95FD8C}.Debug|x86.ActiveCfg = Debug|Any CPU
		{F2CF862F-1064-4C45-950C-9CA8DD95FD8C}.Debug|x86.Build.0 = Debug|Any CPU
		{F2CF862F-1064-4C45-950C-9CA8DD95FD8C}.Release|Any CPU.ActiveCfg = Release|Any CPU
		{F2CF862F-1064-4C45-950C-9CA8DD95FD8C}.Release|Any CPU.Build.0 = Release|Any CPU
		{F2CF862F-1064-4C45-950C-9CA8DD95FD8C}.Release|x64.ActiveCfg = Release|Any CPU
		{F2CF862F-1064-4C45-950C-9CA8DD95FD8C}.Release|x64.Build.0 = Release|Any CPU
		{F2CF862F-1064-4C45-950C-9CA8DD95FD8C}.Release|x86.ActiveCfg = Release|Any CPU
		{F2CF862F-1064-4C45-950C-9CA8DD95FD8C}.Release|x86.Build.0 = Release|Any CPU
		{13F6932B-AE61-4DFC-B316-28B67D0B9FE5}.Debug|Any CPU.ActiveCfg = Debug|Any CPU
		{13F6932B-AE61-4DFC-B316-28B67D0B9FE5}.Debug|Any CPU.Build.0 = Debug|Any CPU
		{13F6932B-AE61-4DFC-B316-28B67D0B9FE5}.Debug|x64.ActiveCfg = Debug|Any CPU
		{13F6932B-AE61-4DFC-B316-28B67D0B9FE5}.Debug|x64.Build.0 = Debug|Any CPU
		{13F6932B-AE61-4DFC-B316-28B67D0B9FE5}.Debug|x86.ActiveCfg = Debug|Any CPU
		{13F6932B-AE61-4DFC-B316-28B67D0B9FE5}.Debug|x86.Build.0 = Debug|Any CPU
		{13F6932B-AE61-4DFC-B316-28B67D0B9FE5}.Release|Any CPU.ActiveCfg = Release|Any CPU
		{13F6932B-AE61-4DFC-B316-28B67D0B9FE5}.Release|Any CPU.Build.0 = Release|Any CPU
		{13F6932B-AE61-4DFC-B316-28B67D0B9FE5}.Release|x64.ActiveCfg = Release|Any CPU
		{13F6932B-AE61-4DFC-B316-28B67D0B9FE5}.Release|x64.Build.0 = Release|Any CPU
		{13F6932B-AE61-4DFC-B316-28B67D0B9FE5}.Release|x86.ActiveCfg = Release|Any CPU
		{13F6932B-AE61-4DFC-B316-28B67D0B9FE5}.Release|x86.Build.0 = Release|Any CPU
		{3ED8718F-5E27-4D2F-86A8-DE9A773E0C0D}.Debug|Any CPU.ActiveCfg = Debug|Any CPU
		{3ED8718F-5E27-4D2F-86A8-DE9A773E0C0D}.Debug|Any CPU.Build.0 = Debug|Any CPU
		{3ED8718F-5E27-4D2F-86A8-DE9A773E0C0D}.Debug|x64.ActiveCfg = Debug|Any CPU
		{3ED8718F-5E27-4D2F-86A8-DE9A773E0C0D}.Debug|x64.Build.0 = Debug|Any CPU
		{3ED8718F-5E27-4D2F-86A8-DE9A773E0C0D}.Debug|x86.ActiveCfg = Debug|Any CPU
		{3ED8718F-5E27-4D2F-86A8-DE9A773E0C0D}.Debug|x86.Build.0 = Debug|Any CPU
		{3ED8718F-5E27-4D2F-86A8-DE9A773E0C0D}.Release|Any CPU.ActiveCfg = Release|Any CPU
		{3ED8718F-5E27-4D2F-86A8-DE9A773E0C0D}.Release|Any CPU.Build.0 = Release|Any CPU
		{3ED8718F-5E27-4D2F-86A8-DE9A773E0C0D}.Release|x64.ActiveCfg = Release|Any CPU
		{3ED8718F-5E27-4D2F-86A8-DE9A773E0C0D}.Release|x64.Build.0 = Release|Any CPU
		{3ED8718F-5E27-4D2F-86A8-DE9A773E0C0D}.Release|x86.ActiveCfg = Release|Any CPU
		{3ED8718F-5E27-4D2F-86A8-DE9A773E0C0D}.Release|x86.Build.0 = Release|Any CPU
		{708B0DFD-A091-4935-9456-F698725436A0}.Debug|Any CPU.ActiveCfg = Debug|Any CPU
		{708B0DFD-A091-4935-9456-F698725436A0}.Debug|Any CPU.Build.0 = Debug|Any CPU
		{708B0DFD-A091-4935-9456-F698725436A0}.Debug|x64.ActiveCfg = Debug|Any CPU
		{708B0DFD-A091-4935-9456-F698725436A0}.Debug|x64.Build.0 = Debug|Any CPU
		{708B0DFD-A091-4935-9456-F698725436A0}.Debug|x86.ActiveCfg = Debug|Any CPU
		{708B0DFD-A091-4935-9456-F698725436A0}.Debug|x86.Build.0 = Debug|Any CPU
		{708B0DFD-A091-4935-9456-F698725436A0}.Release|Any CPU.ActiveCfg = Release|Any CPU
		{708B0DFD-A091-4935-9456-F698725436A0}.Release|Any CPU.Build.0 = Release|Any CPU
		{708B0DFD-A091-4935-9456-F698725436A0}.Release|x64.ActiveCfg = Release|Any CPU
		{708B0DFD-A091-4935-9456-F698725436A0}.Release|x64.Build.0 = Release|Any CPU
		{708B0DFD-A091-4935-9456-F698725436A0}.Release|x86.ActiveCfg = Release|Any CPU
		{708B0DFD-A091-4935-9456-F698725436A0}.Release|x86.Build.0 = Release|Any CPU
	EndGlobalSection
	GlobalSection(SolutionProperties) = preSolution
		HideSolutionNode = FALSE
	EndGlobalSection
	GlobalSection(NestedProjects) = preSolution
		{1112BC79-491E-4B28-AB0A-4A3AC52165FD} = {110D6835-80C5-43DD-A8B1-3BBEB4E53D6F}
		{5B092BB2-E708-4C17-AB7C-0B6B8D157144} = {1112BC79-491E-4B28-AB0A-4A3AC52165FD}
		{71B122BD-DADC-4179-8D34-7C4BEEEED850} = {5B092BB2-E708-4C17-AB7C-0B6B8D157144}
		{E46A4717-1680-4162-BC65-8D201B893411} = {1112BC79-491E-4B28-AB0A-4A3AC52165FD}
		{5FEE4B59-C66A-40E8-916C-10C4851D9478} = {E46A4717-1680-4162-BC65-8D201B893411}
		{827DC4E5-675D-48D5-A59E-69FB41BA8728} = {1112BC79-491E-4B28-AB0A-4A3AC52165FD}
		{8E9CD5E9-9DCA-4501-AF0C-04863CF506EE} = {827DC4E5-675D-48D5-A59E-69FB41BA8728}
		{F3B8592C-0DB4-43EC-864A-9DC02CF6F69F} = {1112BC79-491E-4B28-AB0A-4A3AC52165FD}
		{C1DDD8AF-E4C2-46DA-A72A-8E51BDF82868} = {F3B8592C-0DB4-43EC-864A-9DC02CF6F69F}
		{62AC629A-8C54-43B8-9B67-0D3684A2A25E} = {1112BC79-491E-4B28-AB0A-4A3AC52165FD}
		{F2CF862F-1064-4C45-950C-9CA8DD95FD8C} = {62AC629A-8C54-43B8-9B67-0D3684A2A25E}
		{9F9F25FB-602C-4AA4-8640-C82ECACFBFB4} = {1112BC79-491E-4B28-AB0A-4A3AC52165FD}
		{13F6932B-AE61-4DFC-B316-28B67D0B9FE5} = {9F9F25FB-602C-4AA4-8640-C82ECACFBFB4}
		{DAA621A9-4670-4097-9FA3-97E072CE2060} = {1112BC79-491E-4B28-AB0A-4A3AC52165FD}
		{3ED8718F-5E27-4D2F-86A8-DE9A773E0C0D} = {DAA621A9-4670-4097-9FA3-97E072CE2060}
		{7857947E-14C1-4749-80F2-E65256C45143} = {1112BC79-491E-4B28-AB0A-4A3AC52165FD}
		{708B0DFD-A091-4935-9456-F698725436A0} = {7857947E-14C1-4749-80F2-E65256C45143}
	EndGlobalSection
	GlobalSection(ExtensibilityGlobals) = postSolution
		SolutionGuid = {53A13454-AD42-4D1C-8368-4155B4538832}
	EndGlobalSection
EndGlobal
