
Microsoft Visual Studio Solution File, Format Version 12.00
# Visual Studio Version 16
VisualStudioVersion = 16.6.30114.105
MinimumVisualStudioVersion = 10.0.40219.1
Project("{2150E333-8FDC-42A3-9474-1A3956D46DE8}") = "src", "src", "{E5B52953-61EF-43FE-806E-A6C724F7DB1D}"
EndProject
Project("{2150E333-8FDC-42A3-9474-1A3956D46DE8}") = "1 - Lógica de Programação", "1 - Lógica de Programação", "{C5232EF4-20EA-4A28-A863-ADA7B6B7A069}"
EndProject
Project("{FAE04EC0-301F-11D3-BF4B-00C04F79EFBC}") = "SaidaDeDados", "src\1 - Lógica de Programação\SaidaDeDados\SaidaDeDados.csproj", "{E19DBA94-16F2-4E74-A835-2307D9089AE8}"
EndProject
Global
	GlobalSection(SolutionConfigurationPlatforms) = preSolution
		Debug|Any CPU = Debug|Any CPU
		Debug|x64 = Debug|x64
		Debug|x86 = Debug|x86
		Release|Any CPU = Release|Any CPU
		Release|x64 = Release|x64
		Release|x86 = Release|x86
	EndGlobalSection
	GlobalSection(SolutionProperties) = preSolution
		HideSolutionNode = FALSE
	EndGlobalSection
	GlobalSection(ProjectConfigurationPlatforms) = postSolution
		{E19DBA94-16F2-4E74-A835-2307D9089AE8}.Debug|Any CPU.ActiveCfg = Debug|Any CPU
		{E19DBA94-16F2-4E74-A835-2307D9089AE8}.Debug|Any CPU.Build.0 = Debug|Any CPU
		{E19DBA94-16F2-4E74-A835-2307D9089AE8}.Debug|x64.ActiveCfg = Debug|Any CPU
		{E19DBA94-16F2-4E74-A835-2307D9089AE8}.Debug|x64.Build.0 = Debug|Any CPU
		{E19DBA94-16F2-4E74-A835-2307D9089AE8}.Debug|x86.ActiveCfg = Debug|Any CPU
		{E19DBA94-16F2-4E74-A835-2307D9089AE8}.Debug|x86.Build.0 = Debug|Any CPU
		{E19DBA94-16F2-4E74-A835-2307D9089AE8}.Release|Any CPU.ActiveCfg = Release|Any CPU
		{E19DBA94-16F2-4E74-A835-2307D9089AE8}.Release|Any CPU.Build.0 = Release|Any CPU
		{E19DBA94-16F2-4E74-A835-2307D9089AE8}.Release|x64.ActiveCfg = Release|Any CPU
		{E19DBA94-16F2-4E74-A835-2307D9089AE8}.Release|x64.Build.0 = Release|Any CPU
		{E19DBA94-16F2-4E74-A835-2307D9089AE8}.Release|x86.ActiveCfg = Release|Any CPU
		{E19DBA94-16F2-4E74-A835-2307D9089AE8}.Release|x86.Build.0 = Release|Any CPU
	EndGlobalSection
	GlobalSection(NestedProjects) = preSolution
		{C5232EF4-20EA-4A28-A863-ADA7B6B7A069} = {E5B52953-61EF-43FE-806E-A6C724F7DB1D}
		{E19DBA94-16F2-4E74-A835-2307D9089AE8} = {C5232EF4-20EA-4A28-A863-ADA7B6B7A069}
	EndGlobalSection
EndGlobal
